{
  "name": "pre-entrega1_maria-de-feo-villagra",
  "version": "1.0.0",
  "lockfileVersion": 3,
  "requires": true,
  "packages": {
    "": {
      "name": "pre-entrega1_maria-de-feo-villagra",
      "version": "1.0.0",
      "license": "ISC",
      "dependencies": {
        "@animxyz/core": "^0.6.6"
      }
    },
    "node_modules/@animxyz/core": {
      "version": "0.6.6",
      "resolved": "https://registry.npmjs.org/@animxyz/core/-/core-0.6.6.tgz",
      "integrity": "sha512-NtAA/G0Gq3hzAiL6yuE/4U8IgHMPUl3MxbWUbhO443T9UCsf9rBY94P5aK79Zd+/529FeoNdDphIOcOZLsI2sA=="
    }
  }
}
